{
  "lockfileVersion": 1,
  "workspaces": {
    "": {
      "dependencies": {
        "jotai": "^2.12.3",
        "react-router": "6",
      },
    },
  },
  "packages": {
    "@remix-run/router": ["@remix-run/router@1.23.0", "", {}, "sha512-O3rHJzAQKamUz1fvE0Qaw0xSFqsA/yafi2iqeE0pvdFtCO1viYx8QL6f3Ln/aCCTLxs68SLf0KPM9eSeM8yBnA=="],

    "jotai": ["jotai@2.12.3", "", { "peerDependencies": { "@types/react": ">=17.0.0", "react": ">=17.0.0" }, "optionalPeers": ["@types/react", "react"] }, "sha512-DpoddSkmPGXMFtdfnoIHfueFeGP643nqYUWC6REjUcME+PG2UkAtYnLbffRDw3OURI9ZUTcRWkRGLsOvxuWMCg=="],

    "react": ["react@19.1.0", "", {}, "sha512-FS+XFBNvn3GTAWq26joslQgWNoFu08F4kl0J4CgdNKADkdSGXQyTCnKteIAJy96Br6YbpEU1LSzV5dYtjMkMDg=="],

    "react-router": ["react-router@6.30.0", "", { "dependencies": { "@remix-run/router": "1.23.0" }, "peerDependencies": { "react": ">=16.8" } }, "sha512-D3X8FyH9nBcTSHGdEKurK7r8OYE1kKFn3d/CF+CoxbSHkxU7o37+Uh7eAHRXr6k2tSExXYO++07PeXJtA/dEhQ=="],
  }
}
